{
  "name": "proto-utils",
  "version": "1.0.1",
  "lockfileVersion": 3,
  "requires": true,
  "packages": {
    "": {
      "name": "proto-utils",
      "version": "1.0.1",
      "license": "SEE LICENSE IN LICENSE.md",
      "dependencies": {
        "finnish-ssn": "^2.1.2",
        "typescript": "^5.8.3"
      }
    },
    "node_modules/finnish-ssn": {
      "version": "2.1.2",
      "resolved": "https://registry.npmjs.org/finnish-ssn/-/finnish-ssn-2.1.2.tgz",
      "integrity": "sha512-B8xXx9KNnwG0l0wUkz6OtctYs/ffTlvVcbj4W1qFMgI/YyB5XCjEqTcbZ3ZK0tgOourb54CSZAenQQQNVxzBMA==",
      "license": "MIT",
      "engines": {
        "node": ">=18",
        "npm": ">=8"
      }
    },
    "node_modules/typescript": {
      "version": "5.8.3",
      "resolved": "https://registry.npmjs.org/typescript/-/typescript-5.8.3.tgz",
      "integrity": "sha512-p1diW6TqL9L07nNxvRMM7hMMw4c5XOo/1ibL4aAIGmSAt9slTE1Xgw5KWuof2uTOvCg9BY7ZRi+GaF+7sfgPeQ==",
      "license": "Apache-2.0",
      "bin": {
        "tsc": "bin/tsc",
        "tsserver": "bin/tsserver"
      },
      "engines": {
        "node": ">=14.17"
      }
    }
  }
}
